
Microsoft Visual Studio Solution File, Format Version 12.00
# Visual Studio 15
VisualStudioVersion = 15.0.27703.2042
MinimumVisualStudioVersion = 10.0.40219.1
Project("{FAE04EC0-301F-11D3-BF4B-00C04F79EFBC}") = "TutoLightReverse", "TutoLightReverse\TutoLightReverse.csproj", "{672D59B5-D166-4B40-997C-FDA91CF30960}"
EndProject
Project("{FAE04EC0-301F-11D3-BF4B-00C04F79EFBC}") = "DTO", "DTO\DTO.csproj", "{3B91E0C8-8CC2-49FD-BE12-F0FA444A802D}"
EndProject
Project("{FAE04EC0-301F-11D3-BF4B-00C04F79EFBC}") = "DAL", "DAL\DAL.csproj", "{063A7C8C-208F-43A1-A07D-CCCE8732BFE0}"
EndProject
Project("{FAE04EC0-301F-11D3-BF4B-00C04F79EFBC}") = "BLL", "BLL\BLL.csproj", "{AE313DAB-0AF5-48D8-9567-8A00E8FD8DEA}"
EndProject
Global
	GlobalSection(SolutionConfigurationPlatforms) = preSolution
		Debug|Any CPU = Debug|Any CPU
		Release|Any CPU = Release|Any CPU
	EndGlobalSection
	GlobalSection(ProjectConfigurationPlatforms) = postSolution
		{672D59B5-D166-4B40-997C-FDA91CF30960}.Debug|Any CPU.ActiveCfg = Debug|Any CPU
		{672D59B5-D166-4B40-997C-FDA91CF30960}.Debug|Any CPU.Build.0 = Debug|Any CPU
		{672D59B5-D166-4B40-997C-FDA91CF30960}.Release|Any CPU.ActiveCfg = Release|Any CPU
		{672D59B5-D166-4B40-997C-FDA91CF30960}.Release|Any CPU.Build.0 = Release|Any CPU
		{3B91E0C8-8CC2-49FD-BE12-F0FA444A802D}.Debug|Any CPU.ActiveCfg = Debug|Any CPU
		{3B91E0C8-8CC2-49FD-BE12-F0FA444A802D}.Debug|Any CPU.Build.0 = Debug|Any CPU
		{3B91E0C8-8CC2-49FD-BE12-F0FA444A802D}.Release|Any CPU.ActiveCfg = Release|Any CPU
		{3B91E0C8-8CC2-49FD-BE12-F0FA444A802D}.Release|Any CPU.Build.0 = Release|Any CPU
		{063A7C8C-208F-43A1-A07D-CCCE8732BFE0}.Debug|Any CPU.ActiveCfg = Debug|Any CPU
		{063A7C8C-208F-43A1-A07D-CCCE8732BFE0}.Debug|Any CPU.Build.0 = Debug|Any CPU
		{063A7C8C-208F-43A1-A07D-CCCE8732BFE0}.Release|Any CPU.ActiveCfg = Release|Any CPU
		{063A7C8C-208F-43A1-A07D-CCCE8732BFE0}.Release|Any CPU.Build.0 = Release|Any CPU
		{AE313DAB-0AF5-48D8-9567-8A00E8FD8DEA}.Debug|Any CPU.ActiveCfg = Debug|Any CPU
		{AE313DAB-0AF5-48D8-9567-8A00E8FD8DEA}.Debug|Any CPU.Build.0 = Debug|Any CPU
		{AE313DAB-0AF5-48D8-9567-8A00E8FD8DEA}.Release|Any CPU.ActiveCfg = Release|Any CPU
		{AE313DAB-0AF5-48D8-9567-8A00E8FD8DEA}.Release|Any CPU.Build.0 = Release|Any CPU
	EndGlobalSection
	GlobalSection(SolutionProperties) = preSolution
		HideSolutionNode = FALSE
	EndGlobalSection
	GlobalSection(ExtensibilityGlobals) = postSolution
		SolutionGuid = {68664B78-0765-481F-BF0A-3D67DD77AE57}
	EndGlobalSection
EndGlobal
